
Microsoft Visual Studio Solution File, Format Version 12.00
# Visual Studio Version 17
VisualStudioVersion = 17.12.35527.113
MinimumVisualStudioVersion = 10.0.40219.1
Project("{FAE04EC0-301F-11D3-BF4B-00C04F79EFBC}") = "Task01", "С# ItHub practise\Task01.csproj", "{EA4D3911-B721-4C36-ACFE-A45C9ABC9278}"
EndProject
Project("{FAE04EC0-301F-11D3-BF4B-00C04F79EFBC}") = "Task04", "Task04\Task04.csproj", "{26809909-D81B-41CC-8CC7-74B5772B64BE}"
EndProject
Project("{FAE04EC0-301F-11D3-BF4B-00C04F79EFBC}") = "Functions", "Functions\Functions.csproj", "{B2846D84-C12F-4BAD-9555-9FBB7722EA5F}"
EndProject
Project("{FAE04EC0-301F-11D3-BF4B-00C04F79EFBC}") = "OOP", "ConsoleApp1\OOP.csproj", "{6D8EBE6E-412D-4384-9B2B-9B8A2D356691}"
EndProject
Project("{FAE04EC0-301F-11D3-BF4B-00C04F79EFBC}") = "Square task (OOP)", "Square task (OOP)\Square task (OOP).csproj", "{32D36851-8E73-430C-9E83-571A01BAC9D2}"
EndProject
Project("{FAE04EC0-301F-11D3-BF4B-00C04F79EFBC}") = "OOP_KT1", "OOP_KT1\OOP_KT1.csproj", "{B7A21372-E516-4375-B760-78D2E6481F70}"
EndProject
Project("{FAE04EC0-301F-11D3-BF4B-00C04F79EFBC}") = "Breaking_Functions_Practise", "Breaking_Functions_Practise\Breaking_Functions_Practise.csproj", "{0AE90A85-F3EC-46CC-920C-8BFA301C62C6}"
EndProject
Project("{FAE04EC0-301F-11D3-BF4B-00C04F79EFBC}") = "Generic_Practise", "Generic_Practise\Generic_Practise.csproj", "{3E7C1F6B-EC58-478E-950B-F9D6826956DA}"
EndProject
Project("{FAE04EC0-301F-11D3-BF4B-00C04F79EFBC}") = "Static_Practise", "Static_Practise\Static_Practise.csproj", "{6906EB9C-4B64-4268-8A1A-8E991B171B46}"
EndProject
Project("{FAE04EC0-301F-11D3-BF4B-00C04F79EFBC}") = "OOP_KT2", "OOP_KT2\OOP_KT2.csproj", "{8A2FA289-DA06-47EA-9E32-C0117091C25A}"
EndProject
Project("{FAE04EC0-301F-11D3-BF4B-00C04F79EFBC}") = "Dictionary_Theory", "Dictionary_Practise\Dictionary_Theory.csproj", "{3D37E4A4-8725-49BA-8E79-3BBC01EB9B72}"
EndProject
Project("{FAE04EC0-301F-11D3-BF4B-00C04F79EFBC}") = "Dictionary_Tasks", "Dictionary_Tasks\Dictionary_Tasks.csproj", "{91B3081A-9776-4BAA-8264-26E317DD956B}"
EndProject
Project("{FAE04EC0-301F-11D3-BF4B-00C04F79EFBC}") = "HashSet_Practise", "HashSet_Practise\HashSet_Practise.csproj", "{50106FD6-5A93-4CFD-AF23-6F6E8F03CF47}"
EndProject
Project("{FAE04EC0-301F-11D3-BF4B-00C04F79EFBC}") = "LinkedList_Practise", "LinkedList_Practise\LinkedList_Practise.csproj", "{5C1CEBF1-334F-40DF-A312-DE81F853552F}"
EndProject
Project("{FAE04EC0-301F-11D3-BF4B-00C04F79EFBC}") = "OOP_KT3", "OOP_KT3\OOP_KT3.csproj", "{5120C03E-4966-4BD0-965B-1ED4DBFA830E}"
EndProject
Global
	GlobalSection(SolutionConfigurationPlatforms) = preSolution
		Debug|Any CPU = Debug|Any CPU
		Release|Any CPU = Release|Any CPU
	EndGlobalSection
	GlobalSection(ProjectConfigurationPlatforms) = postSolution
		{EA4D3911-B721-4C36-ACFE-A45C9ABC9278}.Debug|Any CPU.ActiveCfg = Debug|Any CPU
		{EA4D3911-B721-4C36-ACFE-A45C9ABC9278}.Debug|Any CPU.Build.0 = Debug|Any CPU
		{EA4D3911-B721-4C36-ACFE-A45C9ABC9278}.Release|Any CPU.ActiveCfg = Release|Any CPU
		{EA4D3911-B721-4C36-ACFE-A45C9ABC9278}.Release|Any CPU.Build.0 = Release|Any CPU
		{26809909-D81B-41CC-8CC7-74B5772B64BE}.Debug|Any CPU.ActiveCfg = Debug|Any CPU
		{26809909-D81B-41CC-8CC7-74B5772B64BE}.Debug|Any CPU.Build.0 = Debug|Any CPU
		{26809909-D81B-41CC-8CC7-74B5772B64BE}.Release|Any CPU.ActiveCfg = Release|Any CPU
		{26809909-D81B-41CC-8CC7-74B5772B64BE}.Release|Any CPU.Build.0 = Release|Any CPU
		{B2846D84-C12F-4BAD-9555-9FBB7722EA5F}.Debug|Any CPU.ActiveCfg = Debug|Any CPU
		{B2846D84-C12F-4BAD-9555-9FBB7722EA5F}.Debug|Any CPU.Build.0 = Debug|Any CPU
		{B2846D84-C12F-4BAD-9555-9FBB7722EA5F}.Release|Any CPU.ActiveCfg = Release|Any CPU
		{B2846D84-C12F-4BAD-9555-9FBB7722EA5F}.Release|Any CPU.Build.0 = Release|Any CPU
		{6D8EBE6E-412D-4384-9B2B-9B8A2D356691}.Debug|Any CPU.ActiveCfg = Debug|Any CPU
		{6D8EBE6E-412D-4384-9B2B-9B8A2D356691}.Debug|Any CPU.Build.0 = Debug|Any CPU
		{6D8EBE6E-412D-4384-9B2B-9B8A2D356691}.Release|Any CPU.ActiveCfg = Release|Any CPU
		{6D8EBE6E-412D-4384-9B2B-9B8A2D356691}.Release|Any CPU.Build.0 = Release|Any CPU
		{32D36851-8E73-430C-9E83-571A01BAC9D2}.Debug|Any CPU.ActiveCfg = Debug|Any CPU
		{32D36851-8E73-430C-9E83-571A01BAC9D2}.Debug|Any CPU.Build.0 = Debug|Any CPU
		{32D36851-8E73-430C-9E83-571A01BAC9D2}.Release|Any CPU.ActiveCfg = Release|Any CPU
		{32D36851-8E73-430C-9E83-571A01BAC9D2}.Release|Any CPU.Build.0 = Release|Any CPU
		{B7A21372-E516-4375-B760-78D2E6481F70}.Debug|Any CPU.ActiveCfg = Debug|Any CPU
		{B7A21372-E516-4375-B760-78D2E6481F70}.Debug|Any CPU.Build.0 = Debug|Any CPU
		{B7A21372-E516-4375-B760-78D2E6481F70}.Release|Any CPU.ActiveCfg = Release|Any CPU
		{B7A21372-E516-4375-B760-78D2E6481F70}.Release|Any CPU.Build.0 = Release|Any CPU
		{0AE90A85-F3EC-46CC-920C-8BFA301C62C6}.Debug|Any CPU.ActiveCfg = Debug|Any CPU
		{0AE90A85-F3EC-46CC-920C-8BFA301C62C6}.Debug|Any CPU.Build.0 = Debug|Any CPU
		{0AE90A85-F3EC-46CC-920C-8BFA301C62C6}.Release|Any CPU.ActiveCfg = Release|Any CPU
		{0AE90A85-F3EC-46CC-920C-8BFA301C62C6}.Release|Any CPU.Build.0 = Release|Any CPU
		{3E7C1F6B-EC58-478E-950B-F9D6826956DA}.Debug|Any CPU.ActiveCfg = Debug|Any CPU
		{3E7C1F6B-EC58-478E-950B-F9D6826956DA}.Debug|Any CPU.Build.0 = Debug|Any CPU
		{3E7C1F6B-EC58-478E-950B-F9D6826956DA}.Release|Any CPU.ActiveCfg = Release|Any CPU
		{3E7C1F6B-EC58-478E-950B-F9D6826956DA}.Release|Any CPU.Build.0 = Release|Any CPU
		{6906EB9C-4B64-4268-8A1A-8E991B171B46}.Debug|Any CPU.ActiveCfg = Debug|Any CPU
		{6906EB9C-4B64-4268-8A1A-8E991B171B46}.Debug|Any CPU.Build.0 = Debug|Any CPU
		{6906EB9C-4B64-4268-8A1A-8E991B171B46}.Release|Any CPU.ActiveCfg = Release|Any CPU
		{6906EB9C-4B64-4268-8A1A-8E991B171B46}.Release|Any CPU.Build.0 = Release|Any CPU
		{8A2FA289-DA06-47EA-9E32-C0117091C25A}.Debug|Any CPU.ActiveCfg = Debug|Any CPU
		{8A2FA289-DA06-47EA-9E32-C0117091C25A}.Debug|Any CPU.Build.0 = Debug|Any CPU
		{8A2FA289-DA06-47EA-9E32-C0117091C25A}.Release|Any CPU.ActiveCfg = Release|Any CPU
		{8A2FA289-DA06-47EA-9E32-C0117091C25A}.Release|Any CPU.Build.0 = Release|Any CPU
		{3D37E4A4-8725-49BA-8E79-3BBC01EB9B72}.Debug|Any CPU.ActiveCfg = Debug|Any CPU
		{3D37E4A4-8725-49BA-8E79-3BBC01EB9B72}.Debug|Any CPU.Build.0 = Debug|Any CPU
		{3D37E4A4-8725-49BA-8E79-3BBC01EB9B72}.Release|Any CPU.ActiveCfg = Release|Any CPU
		{3D37E4A4-8725-49BA-8E79-3BBC01EB9B72}.Release|Any CPU.Build.0 = Release|Any CPU
		{91B3081A-9776-4BAA-8264-26E317DD956B}.Debug|Any CPU.ActiveCfg = Debug|Any CPU
		{91B3081A-9776-4BAA-8264-26E317DD956B}.Debug|Any CPU.Build.0 = Debug|Any CPU
		{91B3081A-9776-4BAA-8264-26E317DD956B}.Release|Any CPU.ActiveCfg = Release|Any CPU
		{91B3081A-9776-4BAA-8264-26E317DD956B}.Release|Any CPU.Build.0 = Release|Any CPU
		{50106FD6-5A93-4CFD-AF23-6F6E8F03CF47}.Debug|Any CPU.ActiveCfg = Debug|Any CPU
		{50106FD6-5A93-4CFD-AF23-6F6E8F03CF47}.Debug|Any CPU.Build.0 = Debug|Any CPU
		{50106FD6-5A93-4CFD-AF23-6F6E8F03CF47}.Release|Any CPU.ActiveCfg = Release|Any CPU
		{50106FD6-5A93-4CFD-AF23-6F6E8F03CF47}.Release|Any CPU.Build.0 = Release|Any CPU
		{5C1CEBF1-334F-40DF-A312-DE81F853552F}.Debug|Any CPU.ActiveCfg = Debug|Any CPU
		{5C1CEBF1-334F-40DF-A312-DE81F853552F}.Debug|Any CPU.Build.0 = Debug|Any CPU
		{5C1CEBF1-334F-40DF-A312-DE81F853552F}.Release|Any CPU.ActiveCfg = Release|Any CPU
		{5C1CEBF1-334F-40DF-A312-DE81F853552F}.Release|Any CPU.Build.0 = Release|Any CPU
		{5120C03E-4966-4BD0-965B-1ED4DBFA830E}.Debug|Any CPU.ActiveCfg = Debug|Any CPU
		{5120C03E-4966-4BD0-965B-1ED4DBFA830E}.Debug|Any CPU.Build.0 = Debug|Any CPU
		{5120C03E-4966-4BD0-965B-1ED4DBFA830E}.Release|Any CPU.ActiveCfg = Release|Any CPU
		{5120C03E-4966-4BD0-965B-1ED4DBFA830E}.Release|Any CPU.Build.0 = Release|Any CPU
	EndGlobalSection
	GlobalSection(SolutionProperties) = preSolution
		HideSolutionNode = FALSE
	EndGlobalSection
EndGlobal
